
Microsoft Visual Studio Solution File, Format Version 12.00
# Visual Studio 15
VisualStudioVersion = 15.0.28307.136
MinimumVisualStudioVersion = 10.0.40219.1
Project("{9A19103F-16F7-4668-BE54-9A1E7A4F7556}") = "AberFitnessLayout", "AberFitnessLayout\AberFitnessLayout.csproj", "{E1C5536C-F3A7-40A2-AD8A-0474DE802293}"
EndProject
Project("{FAE04EC0-301F-11D3-BF4B-00C04F79EFBC}") = "LayoutService", "LayoutService\LayoutService.csproj", "{FF25BE16-D637-40E2-98C3-CD7315AFD6AE}"
EndProject
Global
	GlobalSection(SolutionConfigurationPlatforms) = preSolution
		Debug|Any CPU = Debug|Any CPU
		Release|Any CPU = Release|Any CPU
	EndGlobalSection
	GlobalSection(ProjectConfigurationPlatforms) = postSolution
		{E1C5536C-F3A7-40A2-AD8A-0474DE802293}.Debug|Any CPU.ActiveCfg = Debug|Any CPU
		{E1C5536C-F3A7-40A2-AD8A-0474DE802293}.Debug|Any CPU.Build.0 = Debug|Any CPU
		{E1C5536C-F3A7-40A2-AD8A-0474DE802293}.Release|Any CPU.ActiveCfg = Release|Any CPU
		{E1C5536C-F3A7-40A2-AD8A-0474DE802293}.Release|Any CPU.Build.0 = Release|Any CPU
		{FF25BE16-D637-40E2-98C3-CD7315AFD6AE}.Debug|Any CPU.ActiveCfg = Debug|Any CPU
		{FF25BE16-D637-40E2-98C3-CD7315AFD6AE}.Debug|Any CPU.Build.0 = Debug|Any CPU
		{FF25BE16-D637-40E2-98C3-CD7315AFD6AE}.Release|Any CPU.ActiveCfg = Release|Any CPU
		{FF25BE16-D637-40E2-98C3-CD7315AFD6AE}.Release|Any CPU.Build.0 = Release|Any CPU
	EndGlobalSection
	GlobalSection(SolutionProperties) = preSolution
		HideSolutionNode = FALSE
	EndGlobalSection
	GlobalSection(ExtensibilityGlobals) = postSolution
		SolutionGuid = {DB6260DA-0681-4F54-9989-537F23C13B44}
	EndGlobalSection
EndGlobal
